// !$*UTF8*$!
{
	archiveVersion = 1;
	classes = {
	};
	objectVersion = 56;
	objects = {

/* Begin PBXBuildFile section */
		EB2BCA812D63CBC900D83213 /* SettingsUIView.swift in Sources */ = {isa = PBXBuildFile; fileRef = EB2BCA802D63CBC900D83213 /* SettingsUIView.swift */; };
		EB2BCA862D63DEA800D83213 /* SettingsUIViewModel.swift in Sources */ = {isa = PBXBuildFile; fileRef = EB2BCA852D63DEA800D83213 /* SettingsUIViewModel.swift */; };
		14FFDD3620BCA9BAEBD88013 /* amplifyconfiguration.json in Resources */ = {isa = PBXBuildFile; fileRef = 85C00D9F62CC02A485E5CC63 /* amplifyconfiguration.json */; };
		1C7175124ED8CDE24B3CCFB7 /* awsconfiguration.json in Resources */ = {isa = PBXBuildFile; fileRef = D8729492447C7EDF07254D62 /* awsconfiguration.json */; };
		7F1ADDD82D6A825F0089909E /* Amplify in Frameworks */ = {isa = PBXBuildFile; productRef = 7F1ADDD72D6A825F0089909E /* Amplify */; };
		FD2EC0CA2D63C3F700525F77 /* GlucoseGenieApp.swift in Sources */ = {isa = PBXBuildFile; fileRef = FD2EC0C92D63C3F700525F77 /* GlucoseGenieApp.swift */; };
		FD2EC0CC2D63C3F700525F77 /* ContentView.swift in Sources */ = {isa = PBXBuildFile; fileRef = FD2EC0CB2D63C3F700525F77 /* ContentView.swift */; };
		FD2EC0CE2D63C3F700525F77 /* Item.swift in Sources */ = {isa = PBXBuildFile; fileRef = FD2EC0CD2D63C3F700525F77 /* Item.swift */; };
		FD2EC0D02D63C3FE00525F77 /* Assets.xcassets in Resources */ = {isa = PBXBuildFile; fileRef = FD2EC0CF2D63C3FE00525F77 /* Assets.xcassets */; };
		FD2EC0D32D63C3FE00525F77 /* Preview Assets.xcassets in Resources */ = {isa = PBXBuildFile; fileRef = FD2EC0D22D63C3FE00525F77 /* Preview Assets.xcassets */; };
		FD2EC0DD2D63C40000525F77 /* GlucoseGenieTests.swift in Sources */ = {isa = PBXBuildFile; fileRef = FD2EC0DC2D63C40000525F77 /* GlucoseGenieTests.swift */; };
		FD2EC0E72D63C40000525F77 /* GlucoseGenieUITests.swift in Sources */ = {isa = PBXBuildFile; fileRef = FD2EC0E62D63C40000525F77 /* GlucoseGenieUITests.swift */; };
		FD2EC0E92D63C40000525F77 /* GlucoseGenieUITestsLaunchTests.swift in Sources */ = {isa = PBXBuildFile; fileRef = FD2EC0E82D63C40000525F77 /* GlucoseGenieUITestsLaunchTests.swift */; };
/* End PBXBuildFile section */

/* Begin PBXContainerItemProxy section */
		FD2EC0D92D63C40000525F77 /* PBXContainerItemProxy */ = {
			isa = PBXContainerItemProxy;
			containerPortal = FD2EC0BE2D63C3F700525F77 /* Project object */;
			proxyType = 1;
			remoteGlobalIDString = FD2EC0C52D63C3F700525F77;
			remoteInfo = GlucoseGenie;
		};
		FD2EC0E32D63C40000525F77 /* PBXContainerItemProxy */ = {
			isa = PBXContainerItemProxy;
			containerPortal = FD2EC0BE2D63C3F700525F77 /* Project object */;
			proxyType = 1;
			remoteGlobalIDString = FD2EC0C52D63C3F700525F77;
			remoteInfo = GlucoseGenie;
		};
/* End PBXContainerItemProxy section */

/* Begin PBXFileReference section */
		EB2BCA802D63CBC900D83213 /* SettingsUIView.swift */ = {isa = PBXFileReference; lastKnownFileType = sourcecode.swift; path = SettingsUIView.swift; sourceTree = "<group>"; };
		EB2BCA852D63DEA800D83213 /* SettingsUIViewModel.swift */ = {isa = PBXFileReference; lastKnownFileType = sourcecode.swift; path = SettingsUIViewModel.swift; sourceTree = "<group>"; };
		85C00D9F62CC02A485E5CC63 /* amplifyconfiguration.json */ = {isa = PBXFileReference; explicitFileType = text.json; path = amplifyconfiguration.json; sourceTree = "<group>"; };
		D8729492447C7EDF07254D62 /* awsconfiguration.json */ = {isa = PBXFileReference; explicitFileType = text.json; path = awsconfiguration.json; sourceTree = "<group>"; };
		FD2EC0C62D63C3F700525F77 /* GlucoseGenie.app */ = {isa = PBXFileReference; explicitFileType = wrapper.application; includeInIndex = 0; path = GlucoseGenie.app; sourceTree = BUILT_PRODUCTS_DIR; };
		FD2EC0C92D63C3F700525F77 /* GlucoseGenieApp.swift */ = {isa = PBXFileReference; lastKnownFileType = sourcecode.swift; path = GlucoseGenieApp.swift; sourceTree = "<group>"; };
		FD2EC0CB2D63C3F700525F77 /* ContentView.swift */ = {isa = PBXFileReference; lastKnownFileType = sourcecode.swift; path = ContentView.swift; sourceTree = "<group>"; };
		FD2EC0CD2D63C3F700525F77 /* Item.swift */ = {isa = PBXFileReference; lastKnownFileType = sourcecode.swift; path = Item.swift; sourceTree = "<group>"; };
		FD2EC0CF2D63C3FE00525F77 /* Assets.xcassets */ = {isa = PBXFileReference; lastKnownFileType = folder.assetcatalog; path = Assets.xcassets; sourceTree = "<group>"; };
		FD2EC0D22D63C3FE00525F77 /* Preview Assets.xcassets */ = {isa = PBXFileReference; lastKnownFileType = folder.assetcatalog; path = "Preview Assets.xcassets"; sourceTree = "<group>"; };
		FD2EC0D82D63C40000525F77 /* GlucoseGenieTests.xctest */ = {isa = PBXFileReference; explicitFileType = wrapper.cfbundle; includeInIndex = 0; path = GlucoseGenieTests.xctest; sourceTree = BUILT_PRODUCTS_DIR; };
		FD2EC0DC2D63C40000525F77 /* GlucoseGenieTests.swift */ = {isa = PBXFileReference; lastKnownFileType = sourcecode.swift; path = GlucoseGenieTests.swift; sourceTree = "<group>"; };
		FD2EC0E22D63C40000525F77 /* GlucoseGenieUITests.xctest */ = {isa = PBXFileReference; explicitFileType = wrapper.cfbundle; includeInIndex = 0; path = GlucoseGenieUITests.xctest; sourceTree = BUILT_PRODUCTS_DIR; };
		FD2EC0E62D63C40000525F77 /* GlucoseGenieUITests.swift */ = {isa = PBXFileReference; lastKnownFileType = sourcecode.swift; path = GlucoseGenieUITests.swift; sourceTree = "<group>"; };
		FD2EC0E82D63C40000525F77 /* GlucoseGenieUITestsLaunchTests.swift */ = {isa = PBXFileReference; lastKnownFileType = sourcecode.swift; path = GlucoseGenieUITestsLaunchTests.swift; sourceTree = "<group>"; };
/* End PBXFileReference section */

/* Begin PBXFrameworksBuildPhase section */
		FD2EC0C32D63C3F700525F77 /* Frameworks */ = {
			isa = PBXFrameworksBuildPhase;
			buildActionMask = 2147483647;
			files = (
				7F1ADDD82D6A825F0089909E /* Amplify in Frameworks */,
			);
			runOnlyForDeploymentPostprocessing = 0;
		};
		FD2EC0D52D63C40000525F77 /* Frameworks */ = {
			isa = PBXFrameworksBuildPhase;
			buildActionMask = 2147483647;
			files = (
			);
			runOnlyForDeploymentPostprocessing = 0;
		};
		FD2EC0DF2D63C40000525F77 /* Frameworks */ = {
			isa = PBXFrameworksBuildPhase;
			buildActionMask = 2147483647;
			files = (
			);
			runOnlyForDeploymentPostprocessing = 0;
		};
/* End PBXFrameworksBuildPhase section */

/* Begin PBXGroup section */
		EB2BCA7F2D63CABF00D83213 /* Settings */ = {
			isa = PBXGroup;
			children = (
				EB2BCA842D63DC9700D83213 /* Model */,
				EB2BCA832D63DC9000D83213 /* ViewModel */,
				EB2BCA822D63DC8300D83213 /* View */,
			);
			path = Settings;
			sourceTree = "<group>";
		};
		EB2BCA822D63DC8300D83213 /* View */ = {
			isa = PBXGroup;
			children = (
				EB2BCA802D63CBC900D83213 /* SettingsUIView.swift */,
			);
			path = View;
			sourceTree = "<group>";
		};
		EB2BCA832D63DC9000D83213 /* ViewModel */ = {
			isa = PBXGroup;
			children = (
				EB2BCA852D63DEA800D83213 /* SettingsUIViewModel.swift */,
			);
			path = ViewModel;
			sourceTree = "<group>";
		};
		EB2BCA842D63DC9700D83213 /* Model */ = {
			isa = PBXGroup;
			children = (
			);
			path = Model;
        };
		3C2144024792AF640B947A66 /* AmplifyConfig */ = {
			isa = PBXGroup;
			children = (
				D8729492447C7EDF07254D62 /* awsconfiguration.json */,
				85C00D9F62CC02A485E5CC63 /* amplifyconfiguration.json */,
			);
			name = AmplifyConfig;
			sourceTree = "<group>";
		};
		FD2EC0BD2D63C3F700525F77 = {
			isa = PBXGroup;
			children = (
				FD2EC0C82D63C3F700525F77 /* GlucoseGenie */,
				FD2EC0DB2D63C40000525F77 /* GlucoseGenieTests */,
				FD2EC0E52D63C40000525F77 /* GlucoseGenieUITests */,
				FD2EC0C72D63C3F700525F77 /* Products */,
				3C2144024792AF640B947A66 /* AmplifyConfig */,
			);
			sourceTree = "<group>";
		};
		FD2EC0C72D63C3F700525F77 /* Products */ = {
			isa = PBXGroup;
			children = (
				FD2EC0C62D63C3F700525F77 /* GlucoseGenie.app */,
				FD2EC0D82D63C40000525F77 /* GlucoseGenieTests.xctest */,
				FD2EC0E22D63C40000525F77 /* GlucoseGenieUITests.xctest */,
			);
			name = Products;
			sourceTree = "<group>";
		};
		FD2EC0C82D63C3F700525F77 /* GlucoseGenie */ = {
			isa = PBXGroup;
			children = (
				EB2BCA7F2D63CABF00D83213 /* Settings */,
				FD2EC0C92D63C3F700525F77 /* GlucoseGenieApp.swift */,
				FD2EC0CB2D63C3F700525F77 /* ContentView.swift */,
				FD2EC0CD2D63C3F700525F77 /* Item.swift */,
				FD2EC0CF2D63C3FE00525F77 /* Assets.xcassets */,
				FD2EC0D12D63C3FE00525F77 /* Preview Content */,
			);
			path = GlucoseGenie;
			sourceTree = "<group>";
		};
		FD2EC0D12D63C3FE00525F77 /* Preview Content */ = {
			isa = PBXGroup;
			children = (
				FD2EC0D22D63C3FE00525F77 /* Preview Assets.xcassets */,
			);
			path = "Preview Content";
			sourceTree = "<group>";
		};
		FD2EC0DB2D63C40000525F77 /* GlucoseGenieTests */ = {
			isa = PBXGroup;
			children = (
				FD2EC0DC2D63C40000525F77 /* GlucoseGenieTests.swift */,
			);
			path = GlucoseGenieTests;
			sourceTree = "<group>";
		};
		FD2EC0E52D63C40000525F77 /* GlucoseGenieUITests */ = {
			isa = PBXGroup;
			children = (
				FD2EC0E62D63C40000525F77 /* GlucoseGenieUITests.swift */,
				FD2EC0E82D63C40000525F77 /* GlucoseGenieUITestsLaunchTests.swift */,
			);
			path = GlucoseGenieUITests;
			sourceTree = "<group>";
		};
/* End PBXGroup section */

/* Begin PBXNativeTarget section */
		FD2EC0C52D63C3F700525F77 /* GlucoseGenie */ = {
			isa = PBXNativeTarget;
			buildConfigurationList = FD2EC0EC2D63C40000525F77 /* Build configuration list for PBXNativeTarget "GlucoseGenie" */;
			buildPhases = (
				FD2EC0C22D63C3F700525F77 /* Sources */,
				FD2EC0C32D63C3F700525F77 /* Frameworks */,
				FD2EC0C42D63C3F700525F77 /* Resources */,
			);
			buildRules = (
			);
			dependencies = (
			);
			name = GlucoseGenie;
			packageProductDependencies = (
				7F1ADDD72D6A825F0089909E /* Amplify */,
			);
			productName = GlucoseGenie;
			productReference = FD2EC0C62D63C3F700525F77 /* GlucoseGenie.app */;
			productType = "com.apple.product-type.application";
		};
		FD2EC0D72D63C40000525F77 /* GlucoseGenieTests */ = {
			isa = PBXNativeTarget;
			buildConfigurationList = FD2EC0EF2D63C40000525F77 /* Build configuration list for PBXNativeTarget "GlucoseGenieTests" */;
			buildPhases = (
				FD2EC0D42D63C40000525F77 /* Sources */,
				FD2EC0D52D63C40000525F77 /* Frameworks */,
				FD2EC0D62D63C40000525F77 /* Resources */,
			);
			buildRules = (
			);
			dependencies = (
				FD2EC0DA2D63C40000525F77 /* PBXTargetDependency */,
			);
			name = GlucoseGenieTests;
			productName = GlucoseGenieTests;
			productReference = FD2EC0D82D63C40000525F77 /* GlucoseGenieTests.xctest */;
			productType = "com.apple.product-type.bundle.unit-test";
		};
		FD2EC0E12D63C40000525F77 /* GlucoseGenieUITests */ = {
			isa = PBXNativeTarget;
			buildConfigurationList = FD2EC0F22D63C40000525F77 /* Build configuration list for PBXNativeTarget "GlucoseGenieUITests" */;
			buildPhases = (
				FD2EC0DE2D63C40000525F77 /* Sources */,
				FD2EC0DF2D63C40000525F77 /* Frameworks */,
				FD2EC0E02D63C40000525F77 /* Resources */,
			);
			buildRules = (
			);
			dependencies = (
				FD2EC0E42D63C40000525F77 /* PBXTargetDependency */,
			);
			name = GlucoseGenieUITests;
			productName = GlucoseGenieUITests;
			productReference = FD2EC0E22D63C40000525F77 /* GlucoseGenieUITests.xctest */;
			productType = "com.apple.product-type.bundle.ui-testing";
		};
/* End PBXNativeTarget section */

/* Begin PBXProject section */
		FD2EC0BE2D63C3F700525F77 /* Project object */ = {
			isa = PBXProject;
			attributes = {
				BuildIndependentTargetsInParallel = 1;
				LastSwiftUpdateCheck = 1520;
				LastUpgradeCheck = 1520;
				TargetAttributes = {
					FD2EC0C52D63C3F700525F77 = {
						CreatedOnToolsVersion = 15.2;
					};
					FD2EC0D72D63C40000525F77 = {
						CreatedOnToolsVersion = 15.2;
						TestTargetID = FD2EC0C52D63C3F700525F77;
					};
					FD2EC0E12D63C40000525F77 = {
						CreatedOnToolsVersion = 15.2;
						TestTargetID = FD2EC0C52D63C3F700525F77;
					};
				};
			};
			buildConfigurationList = FD2EC0C12D63C3F700525F77 /* Build configuration list for PBXProject "GlucoseGenie" */;
			compatibilityVersion = "Xcode 14.0";
			developmentRegion = en;
			hasScannedForEncodings = 0;
			knownRegions = (
				en,
				Base,
			);
			mainGroup = FD2EC0BD2D63C3F700525F77;
			packageReferences = (
				7F1ADDD62D6A825F0089909E /* XCRemoteSwiftPackageReference "amplify-swift" */,
			);
			productRefGroup = FD2EC0C72D63C3F700525F77 /* Products */;
			projectDirPath = "";
			projectRoot = "";
			targets = (
				FD2EC0C52D63C3F700525F77 /* GlucoseGenie */,
				FD2EC0D72D63C40000525F77 /* GlucoseGenieTests */,
				FD2EC0E12D63C40000525F77 /* GlucoseGenieUITests */,
			);
		};
/* End PBXProject section */

/* Begin PBXResourcesBuildPhase section */
		FD2EC0C42D63C3F700525F77 /* Resources */ = {
			isa = PBXResourcesBuildPhase;
			buildActionMask = 2147483647;
			files = (
				FD2EC0D32D63C3FE00525F77 /* Preview Assets.xcassets in Resources */,
				FD2EC0D02D63C3FE00525F77 /* Assets.xcassets in Resources */,
				1C7175124ED8CDE24B3CCFB7 /* awsconfiguration.json in Resources */,
				14FFDD3620BCA9BAEBD88013 /* amplifyconfiguration.json in Resources */,
			);
			runOnlyForDeploymentPostprocessing = 0;
		};
		FD2EC0D62D63C40000525F77 /* Resources */ = {
			isa = PBXResourcesBuildPhase;
			buildActionMask = 2147483647;
			files = (
			);
			runOnlyForDeploymentPostprocessing = 0;
		};
		FD2EC0E02D63C40000525F77 /* Resources */ = {
			isa = PBXResourcesBuildPhase;
			buildActionMask = 2147483647;
			files = (
			);
			runOnlyForDeploymentPostprocessing = 0;
		};
/* End PBXResourcesBuildPhase section */

/* Begin PBXSourcesBuildPhase section */
		FD2EC0C22D63C3F700525F77 /* Sources */ = {
			isa = PBXSourcesBuildPhase;
			buildActionMask = 2147483647;
			files = (
				FD2EC0CC2D63C3F700525F77 /* ContentView.swift in Sources */,
				EB2BCA862D63DEA800D83213 /* SettingsUIViewModel.swift in Sources */,
				EB2BCA812D63CBC900D83213 /* SettingsUIView.swift in Sources */,
				FD2EC0CE2D63C3F700525F77 /* Item.swift in Sources */,
				FD2EC0CA2D63C3F700525F77 /* GlucoseGenieApp.swift in Sources */,
			);
			runOnlyForDeploymentPostprocessing = 0;
		};
		FD2EC0D42D63C40000525F77 /* Sources */ = {
			isa = PBXSourcesBuildPhase;
			buildActionMask = 2147483647;
			files = (
				FD2EC0DD2D63C40000525F77 /* GlucoseGenieTests.swift in Sources */,
			);
			runOnlyForDeploymentPostprocessing = 0;
		};
		FD2EC0DE2D63C40000525F77 /* Sources */ = {
			isa = PBXSourcesBuildPhase;
			buildActionMask = 2147483647;
			files = (
				FD2EC0E92D63C40000525F77 /* GlucoseGenieUITestsLaunchTests.swift in Sources */,
				FD2EC0E72D63C40000525F77 /* GlucoseGenieUITests.swift in Sources */,
			);
			runOnlyForDeploymentPostprocessing = 0;
		};
/* End PBXSourcesBuildPhase section */

/* Begin PBXTargetDependency section */
		FD2EC0DA2D63C40000525F77 /* PBXTargetDependency */ = {
			isa = PBXTargetDependency;
			target = FD2EC0C52D63C3F700525F77 /* GlucoseGenie */;
			targetProxy = FD2EC0D92D63C40000525F77 /* PBXContainerItemProxy */;
		};
		FD2EC0E42D63C40000525F77 /* PBXTargetDependency */ = {
			isa = PBXTargetDependency;
			target = FD2EC0C52D63C3F700525F77 /* GlucoseGenie */;
			targetProxy = FD2EC0E32D63C40000525F77 /* PBXContainerItemProxy */;
		};
/* End PBXTargetDependency section */

/* Begin XCBuildConfiguration section */
		FD2EC0EA2D63C40000525F77 /* Debug */ = {
			isa = XCBuildConfiguration;
			buildSettings = {
				ALWAYS_SEARCH_USER_PATHS = NO;
				ASSETCATALOG_COMPILER_GENERATE_SWIFT_ASSET_SYMBOL_EXTENSIONS = YES;
				CLANG_ANALYZER_NONNULL = YES;
				CLANG_ANALYZER_NUMBER_OBJECT_CONVERSION = YES_AGGRESSIVE;
				CLANG_CXX_LANGUAGE_STANDARD = "gnu++20";
				CLANG_ENABLE_MODULES = YES;
				CLANG_ENABLE_OBJC_ARC = YES;
				CLANG_ENABLE_OBJC_WEAK = YES;
				CLANG_WARN_BLOCK_CAPTURE_AUTORELEASING = YES;
				CLANG_WARN_BOOL_CONVERSION = YES;
				CLANG_WARN_COMMA = YES;
				CLANG_WARN_CONSTANT_CONVERSION = YES;
				CLANG_WARN_DEPRECATED_OBJC_IMPLEMENTATIONS = YES;
				CLANG_WARN_DIRECT_OBJC_ISA_USAGE = YES_ERROR;
				CLANG_WARN_DOCUMENTATION_COMMENTS = YES;
				CLANG_WARN_EMPTY_BODY = YES;
				CLANG_WARN_ENUM_CONVERSION = YES;
				CLANG_WARN_INFINITE_RECURSION = YES;
				CLANG_WARN_INT_CONVERSION = YES;
				CLANG_WARN_NON_LITERAL_NULL_CONVERSION = YES;
				CLANG_WARN_OBJC_IMPLICIT_RETAIN_SELF = YES;
				CLANG_WARN_OBJC_LITERAL_CONVERSION = YES;
				CLANG_WARN_OBJC_ROOT_CLASS = YES_ERROR;
				CLANG_WARN_QUOTED_INCLUDE_IN_FRAMEWORK_HEADER = YES;
				CLANG_WARN_RANGE_LOOP_ANALYSIS = YES;
				CLANG_WARN_STRICT_PROTOTYPES = YES;
				CLANG_WARN_SUSPICIOUS_MOVE = YES;
				CLANG_WARN_UNGUARDED_AVAILABILITY = YES_AGGRESSIVE;
				CLANG_WARN_UNREACHABLE_CODE = YES;
				CLANG_WARN__DUPLICATE_METHOD_MATCH = YES;
				COPY_PHASE_STRIP = NO;
				DEBUG_INFORMATION_FORMAT = dwarf;
				ENABLE_STRICT_OBJC_MSGSEND = YES;
				ENABLE_TESTABILITY = YES;
				ENABLE_USER_SCRIPT_SANDBOXING = YES;
				GCC_C_LANGUAGE_STANDARD = gnu17;
				GCC_DYNAMIC_NO_PIC = NO;
				GCC_NO_COMMON_BLOCKS = YES;
				GCC_OPTIMIZATION_LEVEL = 0;
				GCC_PREPROCESSOR_DEFINITIONS = (
					"DEBUG=1",
					"$(inherited)",
				);
				GCC_WARN_64_TO_32_BIT_CONVERSION = YES;
				GCC_WARN_ABOUT_RETURN_TYPE = YES_ERROR;
				GCC_WARN_UNDECLARED_SELECTOR = YES;
				GCC_WARN_UNINITIALIZED_AUTOS = YES_AGGRESSIVE;
				GCC_WARN_UNUSED_FUNCTION = YES;
				GCC_WARN_UNUSED_VARIABLE = YES;
				IPHONEOS_DEPLOYMENT_TARGET = 17.2;
				LOCALIZATION_PREFERS_STRING_CATALOGS = YES;
				MTL_ENABLE_DEBUG_INFO = INCLUDE_SOURCE;
				MTL_FAST_MATH = YES;
				ONLY_ACTIVE_ARCH = YES;
				SDKROOT = iphoneos;
				SWIFT_ACTIVE_COMPILATION_CONDITIONS = "DEBUG $(inherited)";
				SWIFT_OPTIMIZATION_LEVEL = "-Onone";
			};
			name = Debug;
		};
		FD2EC0EB2D63C40000525F77 /* Release */ = {
			isa = XCBuildConfiguration;
			buildSettings = {
				ALWAYS_SEARCH_USER_PATHS = NO;
				ASSETCATALOG_COMPILER_GENERATE_SWIFT_ASSET_SYMBOL_EXTENSIONS = YES;
				CLANG_ANALYZER_NONNULL = YES;
				CLANG_ANALYZER_NUMBER_OBJECT_CONVERSION = YES_AGGRESSIVE;
				CLANG_CXX_LANGUAGE_STANDARD = "gnu++20";
				CLANG_ENABLE_MODULES = YES;
				CLANG_ENABLE_OBJC_ARC = YES;
				CLANG_ENABLE_OBJC_WEAK = YES;
				CLANG_WARN_BLOCK_CAPTURE_AUTORELEASING = YES;
				CLANG_WARN_BOOL_CONVERSION = YES;
				CLANG_WARN_COMMA = YES;
				CLANG_WARN_CONSTANT_CONVERSION = YES;
				CLANG_WARN_DEPRECATED_OBJC_IMPLEMENTATIONS = YES;
				CLANG_WARN_DIRECT_OBJC_ISA_USAGE = YES_ERROR;
				CLANG_WARN_DOCUMENTATION_COMMENTS = YES;
				CLANG_WARN_EMPTY_BODY = YES;
				CLANG_WARN_ENUM_CONVERSION = YES;
				CLANG_WARN_INFINITE_RECURSION = YES;
				CLANG_WARN_INT_CONVERSION = YES;
				CLANG_WARN_NON_LITERAL_NULL_CONVERSION = YES;
				CLANG_WARN_OBJC_IMPLICIT_RETAIN_SELF = YES;
				CLANG_WARN_OBJC_LITERAL_CONVERSION = YES;
				CLANG_WARN_OBJC_ROOT_CLASS = YES_ERROR;
				CLANG_WARN_QUOTED_INCLUDE_IN_FRAMEWORK_HEADER = YES;
				CLANG_WARN_RANGE_LOOP_ANALYSIS = YES;
				CLANG_WARN_STRICT_PROTOTYPES = YES;
				CLANG_WARN_SUSPICIOUS_MOVE = YES;
				CLANG_WARN_UNGUARDED_AVAILABILITY = YES_AGGRESSIVE;
				CLANG_WARN_UNREACHABLE_CODE = YES;
				CLANG_WARN__DUPLICATE_METHOD_MATCH = YES;
				COPY_PHASE_STRIP = NO;
				DEBUG_INFORMATION_FORMAT = "dwarf-with-dsym";
				ENABLE_NS_ASSERTIONS = NO;
				ENABLE_STRICT_OBJC_MSGSEND = YES;
				ENABLE_USER_SCRIPT_SANDBOXING = YES;
				GCC_C_LANGUAGE_STANDARD = gnu17;
				GCC_NO_COMMON_BLOCKS = YES;
				GCC_WARN_64_TO_32_BIT_CONVERSION = YES;
				GCC_WARN_ABOUT_RETURN_TYPE = YES_ERROR;
				GCC_WARN_UNDECLARED_SELECTOR = YES;
				GCC_WARN_UNINITIALIZED_AUTOS = YES_AGGRESSIVE;
				GCC_WARN_UNUSED_FUNCTION = YES;
				GCC_WARN_UNUSED_VARIABLE = YES;
				IPHONEOS_DEPLOYMENT_TARGET = 17.2;
				LOCALIZATION_PREFERS_STRING_CATALOGS = YES;
				MTL_ENABLE_DEBUG_INFO = NO;
				MTL_FAST_MATH = YES;
				SDKROOT = iphoneos;
				SWIFT_COMPILATION_MODE = wholemodule;
				VALIDATE_PRODUCT = YES;
			};
			name = Release;
		};
		FD2EC0ED2D63C40000525F77 /* Debug */ = {
			isa = XCBuildConfiguration;
			buildSettings = {
				ASSETCATALOG_COMPILER_APPICON_NAME = AppIcon;
				ASSETCATALOG_COMPILER_GLOBAL_ACCENT_COLOR_NAME = AccentColor;
				CODE_SIGN_STYLE = Automatic;
				CURRENT_PROJECT_VERSION = 1;
				DEVELOPMENT_ASSET_PATHS = "\"GlucoseGenie/Preview Content\"";
				ENABLE_PREVIEWS = YES;
				GENERATE_INFOPLIST_FILE = YES;
				INFOPLIST_KEY_UIApplicationSceneManifest_Generation = YES;
				INFOPLIST_KEY_UIApplicationSupportsIndirectInputEvents = YES;
				INFOPLIST_KEY_UILaunchScreen_Generation = YES;
				INFOPLIST_KEY_UISupportedInterfaceOrientations_iPad = "UIInterfaceOrientationPortrait UIInterfaceOrientationPortraitUpsideDown UIInterfaceOrientationLandscapeLeft UIInterfaceOrientationLandscapeRight";
				INFOPLIST_KEY_UISupportedInterfaceOrientations_iPhone = "UIInterfaceOrientationPortrait UIInterfaceOrientationLandscapeLeft UIInterfaceOrientationLandscapeRight";
				LD_RUNPATH_SEARCH_PATHS = (
					"$(inherited)",
					"@executable_path/Frameworks",
				);
				MARKETING_VERSION = 1.0;
				PRODUCT_BUNDLE_IDENTIFIER = co.glucosegenie.GlucoseGenie;
				PRODUCT_NAME = "$(TARGET_NAME)";
				SWIFT_EMIT_LOC_STRINGS = YES;
				SWIFT_VERSION = 5.0;
				TARGETED_DEVICE_FAMILY = "1,2";
			};
			name = Debug;
		};
		FD2EC0EE2D63C40000525F77 /* Release */ = {
			isa = XCBuildConfiguration;
			buildSettings = {
				ASSETCATALOG_COMPILER_APPICON_NAME = AppIcon;
				ASSETCATALOG_COMPILER_GLOBAL_ACCENT_COLOR_NAME = AccentColor;
				CODE_SIGN_STYLE = Automatic;
				CURRENT_PROJECT_VERSION = 1;
				DEVELOPMENT_ASSET_PATHS = "\"GlucoseGenie/Preview Content\"";
				ENABLE_PREVIEWS = YES;
				GENERATE_INFOPLIST_FILE = YES;
				INFOPLIST_KEY_UIApplicationSceneManifest_Generation = YES;
				INFOPLIST_KEY_UIApplicationSupportsIndirectInputEvents = YES;
				INFOPLIST_KEY_UILaunchScreen_Generation = YES;
				INFOPLIST_KEY_UISupportedInterfaceOrientations_iPad = "UIInterfaceOrientationPortrait UIInterfaceOrientationPortraitUpsideDown UIInterfaceOrientationLandscapeLeft UIInterfaceOrientationLandscapeRight";
				INFOPLIST_KEY_UISupportedInterfaceOrientations_iPhone = "UIInterfaceOrientationPortrait UIInterfaceOrientationLandscapeLeft UIInterfaceOrientationLandscapeRight";
				LD_RUNPATH_SEARCH_PATHS = (
					"$(inherited)",
					"@executable_path/Frameworks",
				);
				MARKETING_VERSION = 1.0;
				PRODUCT_BUNDLE_IDENTIFIER = co.glucosegenie.GlucoseGenie;
				PRODUCT_NAME = "$(TARGET_NAME)";
				SWIFT_EMIT_LOC_STRINGS = YES;
				SWIFT_VERSION = 5.0;
				TARGETED_DEVICE_FAMILY = "1,2";
			};
			name = Release;
		};
		FD2EC0F02D63C40000525F77 /* Debug */ = {
			isa = XCBuildConfiguration;
			buildSettings = {
				ALWAYS_EMBED_SWIFT_STANDARD_LIBRARIES = YES;
				BUNDLE_LOADER = "$(TEST_HOST)";
				CODE_SIGN_STYLE = Automatic;
				CURRENT_PROJECT_VERSION = 1;
				GENERATE_INFOPLIST_FILE = YES;
				IPHONEOS_DEPLOYMENT_TARGET = 17.2;
				MARKETING_VERSION = 1.0;
				PRODUCT_BUNDLE_IDENTIFIER = co.glucosegenie.GlucoseGenieTests;
				PRODUCT_NAME = "$(TARGET_NAME)";
				SWIFT_EMIT_LOC_STRINGS = NO;
				SWIFT_VERSION = 5.0;
				TARGETED_DEVICE_FAMILY = "1,2";
				TEST_HOST = "$(BUILT_PRODUCTS_DIR)/GlucoseGenie.app/$(BUNDLE_EXECUTABLE_FOLDER_PATH)/GlucoseGenie";
			};
			name = Debug;
		};
		FD2EC0F12D63C40000525F77 /* Release */ = {
			isa = XCBuildConfiguration;
			buildSettings = {
				ALWAYS_EMBED_SWIFT_STANDARD_LIBRARIES = YES;
				BUNDLE_LOADER = "$(TEST_HOST)";
				CODE_SIGN_STYLE = Automatic;
				CURRENT_PROJECT_VERSION = 1;
				GENERATE_INFOPLIST_FILE = YES;
				IPHONEOS_DEPLOYMENT_TARGET = 17.2;
				MARKETING_VERSION = 1.0;
				PRODUCT_BUNDLE_IDENTIFIER = co.glucosegenie.GlucoseGenieTests;
				PRODUCT_NAME = "$(TARGET_NAME)";
				SWIFT_EMIT_LOC_STRINGS = NO;
				SWIFT_VERSION = 5.0;
				TARGETED_DEVICE_FAMILY = "1,2";
				TEST_HOST = "$(BUILT_PRODUCTS_DIR)/GlucoseGenie.app/$(BUNDLE_EXECUTABLE_FOLDER_PATH)/GlucoseGenie";
			};
			name = Release;
		};
		FD2EC0F32D63C40000525F77 /* Debug */ = {
			isa = XCBuildConfiguration;
			buildSettings = {
				ALWAYS_EMBED_SWIFT_STANDARD_LIBRARIES = YES;
				CODE_SIGN_STYLE = Automatic;
				CURRENT_PROJECT_VERSION = 1;
				GENERATE_INFOPLIST_FILE = YES;
				MARKETING_VERSION = 1.0;
				PRODUCT_BUNDLE_IDENTIFIER = co.glucosegenie.GlucoseGenieUITests;
				PRODUCT_NAME = "$(TARGET_NAME)";
				SWIFT_EMIT_LOC_STRINGS = NO;
				SWIFT_VERSION = 5.0;
				TARGETED_DEVICE_FAMILY = "1,2";
				TEST_TARGET_NAME = GlucoseGenie;
			};
			name = Debug;
		};
		FD2EC0F42D63C40000525F77 /* Release */ = {
			isa = XCBuildConfiguration;
			buildSettings = {
				ALWAYS_EMBED_SWIFT_STANDARD_LIBRARIES = YES;
				CODE_SIGN_STYLE = Automatic;
				CURRENT_PROJECT_VERSION = 1;
				GENERATE_INFOPLIST_FILE = YES;
				MARKETING_VERSION = 1.0;
				PRODUCT_BUNDLE_IDENTIFIER = co.glucosegenie.GlucoseGenieUITests;
				PRODUCT_NAME = "$(TARGET_NAME)";
				SWIFT_EMIT_LOC_STRINGS = NO;
				SWIFT_VERSION = 5.0;
				TARGETED_DEVICE_FAMILY = "1,2";
				TEST_TARGET_NAME = GlucoseGenie;
			};
			name = Release;
		};
/* End XCBuildConfiguration section */

/* Begin XCConfigurationList section */
		FD2EC0C12D63C3F700525F77 /* Build configuration list for PBXProject "GlucoseGenie" */ = {
			isa = XCConfigurationList;
			buildConfigurations = (
				FD2EC0EA2D63C40000525F77 /* Debug */,
				FD2EC0EB2D63C40000525F77 /* Release */,
			);
			defaultConfigurationIsVisible = 0;
			defaultConfigurationName = Release;
		};
		FD2EC0EC2D63C40000525F77 /* Build configuration list for PBXNativeTarget "GlucoseGenie" */ = {
			isa = XCConfigurationList;
			buildConfigurations = (
				FD2EC0ED2D63C40000525F77 /* Debug */,
				FD2EC0EE2D63C40000525F77 /* Release */,
			);
			defaultConfigurationIsVisible = 0;
			defaultConfigurationName = Release;
		};
		FD2EC0EF2D63C40000525F77 /* Build configuration list for PBXNativeTarget "GlucoseGenieTests" */ = {
			isa = XCConfigurationList;
			buildConfigurations = (
				FD2EC0F02D63C40000525F77 /* Debug */,
				FD2EC0F12D63C40000525F77 /* Release */,
			);
			defaultConfigurationIsVisible = 0;
			defaultConfigurationName = Release;
		};
		FD2EC0F22D63C40000525F77 /* Build configuration list for PBXNativeTarget "GlucoseGenieUITests" */ = {
			isa = XCConfigurationList;
			buildConfigurations = (
				FD2EC0F32D63C40000525F77 /* Debug */,
				FD2EC0F42D63C40000525F77 /* Release */,
			);
			defaultConfigurationIsVisible = 0;
			defaultConfigurationName = Release;
		};
/* End XCConfigurationList section */

/* Begin XCRemoteSwiftPackageReference section */
		7F1ADDD62D6A825F0089909E /* XCRemoteSwiftPackageReference "amplify-swift" */ = {
			isa = XCRemoteSwiftPackageReference;
			repositoryURL = "https://github.com/aws-amplify/amplify-swift";
			requirement = {
				kind = upToNextMajorVersion;
				minimumVersion = 2.45.4;
			};
		};
/* End XCRemoteSwiftPackageReference section */

/* Begin XCSwiftPackageProductDependency section */
		7F1ADDD72D6A825F0089909E /* Amplify */ = {
			isa = XCSwiftPackageProductDependency;
			package = 7F1ADDD62D6A825F0089909E /* XCRemoteSwiftPackageReference "amplify-swift" */;
			productName = Amplify;
		};
/* End XCSwiftPackageProductDependency section */
	};
	rootObject = FD2EC0BE2D63C3F700525F77 /* Project object */;
}
